
Microsoft Visual Studio Solution File, Format Version 12.00
# Visual Studio Version 17
VisualStudioVersion = 17.0.31903.59
MinimumVisualStudioVersion = 10.0.40219.1
Project("{2150E333-8FDC-42A3-9474-1A3956D46DE8}") = "src", "src", "{32326594-9A44-413D-B6A5-13E247480C97}"
EndProject
Project("{FAE04EC0-301F-11D3-BF4B-00C04F79EFBC}") = "MinhaBiblioteca.Api", "src\MinhaBiblioteca.Api\MinhaBiblioteca.Api.csproj", "{914B1CB2-753F-4C37-8C9B-A6C31A9E0F33}"
EndProject
Project("{FAE04EC0-301F-11D3-BF4B-00C04F79EFBC}") = "MinhaBiblioteca.Core", "src\MinhaBiblioteca.Core\MinhaBiblioteca.Core.csproj", "{22DF80C1-A83D-4143-8F76-D03CF7C4CE64}"
EndProject
Project("{FAE04EC0-301F-11D3-BF4B-00C04F79EFBC}") = "MinhaBiblioteca.Application", "src\MinhaBiblioteca.Application\MinhaBiblioteca.Application.csproj", "{36C9B1E1-B8BA-43FC-B851-1E6D9D3CC086}"
EndProject
Project("{FAE04EC0-301F-11D3-BF4B-00C04F79EFBC}") = "MinhaBiblioteca.Infrastructure", "src\MinhaBiblioteca.Infrastructure\MinhaBiblioteca.Infrastructure.csproj", "{36367DD7-1024-4781-A86C-B872CF56EACD}"
EndProject
Project("{2150E333-8FDC-42A3-9474-1A3956D46DE8}") = "tests", "tests", "{467DB268-9378-460B-BA8D-D648CE6BE106}"
EndProject
Project("{FAE04EC0-301F-11D3-BF4B-00C04F79EFBC}") = "MinhaBiblioteca.UnitTests", "tests\MinhaBiblioteca.UnitTests\MinhaBiblioteca.UnitTests.csproj", "{BB7D160D-0091-41DC-99A7-02180DDBE85F}"
EndProject
Global
	GlobalSection(SolutionConfigurationPlatforms) = preSolution
		Debug|Any CPU = Debug|Any CPU
		Release|Any CPU = Release|Any CPU
	EndGlobalSection
	GlobalSection(SolutionProperties) = preSolution
		HideSolutionNode = FALSE
	EndGlobalSection
	GlobalSection(ProjectConfigurationPlatforms) = postSolution
		{914B1CB2-753F-4C37-8C9B-A6C31A9E0F33}.Debug|Any CPU.ActiveCfg = Debug|Any CPU
		{914B1CB2-753F-4C37-8C9B-A6C31A9E0F33}.Debug|Any CPU.Build.0 = Debug|Any CPU
		{914B1CB2-753F-4C37-8C9B-A6C31A9E0F33}.Release|Any CPU.ActiveCfg = Release|Any CPU
		{914B1CB2-753F-4C37-8C9B-A6C31A9E0F33}.Release|Any CPU.Build.0 = Release|Any CPU
		{22DF80C1-A83D-4143-8F76-D03CF7C4CE64}.Debug|Any CPU.ActiveCfg = Debug|Any CPU
		{22DF80C1-A83D-4143-8F76-D03CF7C4CE64}.Debug|Any CPU.Build.0 = Debug|Any CPU
		{22DF80C1-A83D-4143-8F76-D03CF7C4CE64}.Release|Any CPU.ActiveCfg = Release|Any CPU
		{22DF80C1-A83D-4143-8F76-D03CF7C4CE64}.Release|Any CPU.Build.0 = Release|Any CPU
		{36C9B1E1-B8BA-43FC-B851-1E6D9D3CC086}.Debug|Any CPU.ActiveCfg = Debug|Any CPU
		{36C9B1E1-B8BA-43FC-B851-1E6D9D3CC086}.Debug|Any CPU.Build.0 = Debug|Any CPU
		{36C9B1E1-B8BA-43FC-B851-1E6D9D3CC086}.Release|Any CPU.ActiveCfg = Release|Any CPU
		{36C9B1E1-B8BA-43FC-B851-1E6D9D3CC086}.Release|Any CPU.Build.0 = Release|Any CPU
		{36367DD7-1024-4781-A86C-B872CF56EACD}.Debug|Any CPU.ActiveCfg = Debug|Any CPU
		{36367DD7-1024-4781-A86C-B872CF56EACD}.Debug|Any CPU.Build.0 = Debug|Any CPU
		{36367DD7-1024-4781-A86C-B872CF56EACD}.Release|Any CPU.ActiveCfg = Release|Any CPU
		{36367DD7-1024-4781-A86C-B872CF56EACD}.Release|Any CPU.Build.0 = Release|Any CPU
		{BB7D160D-0091-41DC-99A7-02180DDBE85F}.Debug|Any CPU.ActiveCfg = Debug|Any CPU
		{BB7D160D-0091-41DC-99A7-02180DDBE85F}.Debug|Any CPU.Build.0 = Debug|Any CPU
		{BB7D160D-0091-41DC-99A7-02180DDBE85F}.Release|Any CPU.ActiveCfg = Release|Any CPU
		{BB7D160D-0091-41DC-99A7-02180DDBE85F}.Release|Any CPU.Build.0 = Release|Any CPU
	EndGlobalSection
	GlobalSection(NestedProjects) = preSolution
		{914B1CB2-753F-4C37-8C9B-A6C31A9E0F33} = {32326594-9A44-413D-B6A5-13E247480C97}
		{22DF80C1-A83D-4143-8F76-D03CF7C4CE64} = {32326594-9A44-413D-B6A5-13E247480C97}
		{36C9B1E1-B8BA-43FC-B851-1E6D9D3CC086} = {32326594-9A44-413D-B6A5-13E247480C97}
		{36367DD7-1024-4781-A86C-B872CF56EACD} = {32326594-9A44-413D-B6A5-13E247480C97}
		{BB7D160D-0091-41DC-99A7-02180DDBE85F} = {467DB268-9378-460B-BA8D-D648CE6BE106}
	EndGlobalSection
EndGlobal
